
Microsoft Visual Studio Solution File, Format Version 12.00
# Visual Studio Version 17
VisualStudioVersion = 17.6.33723.286
MinimumVisualStudioVersion = 10.0.40219.1
Project("{2150E333-8FDC-42A3-9474-1A3956D46DE8}") = "Application", "Application", "{80AB52D5-EED1-4CF7-9951-18BC6589851E}"
EndProject
Project("{2150E333-8FDC-42A3-9474-1A3956D46DE8}") = "Domain", "Domain", "{21047DCA-64CC-4BC4-8552-8AE58285CCB1}"
EndProject
Project("{2150E333-8FDC-42A3-9474-1A3956D46DE8}") = "Infrastructure", "Infrastructure", "{E7349FE4-516E-473E-97A7-A9AEF627BE2D}"
EndProject
Project("{2150E333-8FDC-42A3-9474-1A3956D46DE8}") = "Tests", "Tests", "{BA4CB6D2-CEB4-4110-B2CF-410C91B6669F}"
EndProject
Project("{2150E333-8FDC-42A3-9474-1A3956D46DE8}") = "Solution Items", "Solution Items", "{1AAC31B4-1F84-4F0E-ADB9-23844077097E}"
	ProjectSection(SolutionItems) = preProject
		.editorconfig = .editorconfig
		Directory.Build.props = Directory.Build.props
		..\.github\workflows\release.yml = ..\.github\workflows\release.yml
		..\.github\workflows\deploy.prod.yml = ..\.github\workflows\deploy.prod.yml
		..\.github\workflows\deploy.stage.yml = ..\.github\workflows\deploy.stage.yml
		..\docker-compose.yaml = ..\docker-compose.yaml
	EndProjectSection
EndProject
Project("{9A19103F-16F7-4668-BE54-9A1E7A4F7556}") = "Vitrina.Web.Tests", "Vitrina.Web.Tests\Vitrina.Web.Tests.csproj", "{C0738D4A-3CD3-49E4-A40F-18C1A4F9DA1D}"
EndProject
Project("{9A19103F-16F7-4668-BE54-9A1E7A4F7556}") = "Vitrina.Infrastructure.DataAccess", "Vitrina.Infrastructure.DataAccess\Vitrina.Infrastructure.DataAccess.csproj", "{99DCCCBB-9848-4877-8E82-12B7036BA04C}"
EndProject
Project("{9A19103F-16F7-4668-BE54-9A1E7A4F7556}") = "Vitrina.Web", "Vitrina.Web\Vitrina.Web.csproj", "{8234E31A-7423-4D75-9BA6-8281461B19B9}"
EndProject
Project("{9A19103F-16F7-4668-BE54-9A1E7A4F7556}") = "Vitrina.UseCases", "Vitrina.UseCases\Vitrina.UseCases.csproj", "{C1FDC969-3FFE-48ED-8A7C-C3C29E06F295}"
EndProject
Project("{9A19103F-16F7-4668-BE54-9A1E7A4F7556}") = "Vitrina.Domain", "Vitrina.Domain\Vitrina.Domain.csproj", "{0413AF02-49B1-4326-A80D-C70D605FFC00}"
EndProject
Project("{9A19103F-16F7-4668-BE54-9A1E7A4F7556}") = "Vitrina.Infrastructure.Abstractions", "Vitrina.Infrastructure.Abstractions\Vitrina.Infrastructure.Abstractions.csproj", "{F158280E-B0A8-4312-9B83-0DF267136BA7}"
EndProject
Project("{9A19103F-16F7-4668-BE54-9A1E7A4F7556}") = "Vitrina.UseCases.Common", "Vitrina.UseCases.Common\Vitrina.UseCases.Common.csproj", "{42D454B2-7AF6-4373-926F-CAF900C64AEF}"
EndProject
Project("{FAE04EC0-301F-11D3-BF4B-00C04F79EFBC}") = "Vitrina.Validators", "Vitrina.Validators\Vitrina.Validators.csproj", "{F2B24C30-3B4F-4766-BB3D-B8DAF63CE7FF}"
EndProject
Global
	GlobalSection(SolutionConfigurationPlatforms) = preSolution
		Debug|Any CPU = Debug|Any CPU
		Release|Any CPU = Release|Any CPU
	EndGlobalSection
	GlobalSection(ProjectConfigurationPlatforms) = postSolution
		{C0738D4A-3CD3-49E4-A40F-18C1A4F9DA1D}.Debug|Any CPU.ActiveCfg = Debug|Any CPU
		{C0738D4A-3CD3-49E4-A40F-18C1A4F9DA1D}.Debug|Any CPU.Build.0 = Debug|Any CPU
		{C0738D4A-3CD3-49E4-A40F-18C1A4F9DA1D}.Release|Any CPU.ActiveCfg = Release|Any CPU
		{C0738D4A-3CD3-49E4-A40F-18C1A4F9DA1D}.Release|Any CPU.Build.0 = Release|Any CPU
		{99DCCCBB-9848-4877-8E82-12B7036BA04C}.Debug|Any CPU.ActiveCfg = Debug|Any CPU
		{99DCCCBB-9848-4877-8E82-12B7036BA04C}.Debug|Any CPU.Build.0 = Debug|Any CPU
		{99DCCCBB-9848-4877-8E82-12B7036BA04C}.Release|Any CPU.ActiveCfg = Release|Any CPU
		{99DCCCBB-9848-4877-8E82-12B7036BA04C}.Release|Any CPU.Build.0 = Release|Any CPU
		{8234E31A-7423-4D75-9BA6-8281461B19B9}.Debug|Any CPU.ActiveCfg = Debug|Any CPU
		{8234E31A-7423-4D75-9BA6-8281461B19B9}.Debug|Any CPU.Build.0 = Debug|Any CPU
		{8234E31A-7423-4D75-9BA6-8281461B19B9}.Release|Any CPU.ActiveCfg = Release|Any CPU
		{8234E31A-7423-4D75-9BA6-8281461B19B9}.Release|Any CPU.Build.0 = Release|Any CPU
		{C1FDC969-3FFE-48ED-8A7C-C3C29E06F295}.Debug|Any CPU.ActiveCfg = Debug|Any CPU
		{C1FDC969-3FFE-48ED-8A7C-C3C29E06F295}.Debug|Any CPU.Build.0 = Debug|Any CPU
		{C1FDC969-3FFE-48ED-8A7C-C3C29E06F295}.Release|Any CPU.ActiveCfg = Release|Any CPU
		{C1FDC969-3FFE-48ED-8A7C-C3C29E06F295}.Release|Any CPU.Build.0 = Release|Any CPU
		{0413AF02-49B1-4326-A80D-C70D605FFC00}.Debug|Any CPU.ActiveCfg = Debug|Any CPU
		{0413AF02-49B1-4326-A80D-C70D605FFC00}.Debug|Any CPU.Build.0 = Debug|Any CPU
		{0413AF02-49B1-4326-A80D-C70D605FFC00}.Release|Any CPU.ActiveCfg = Release|Any CPU
		{0413AF02-49B1-4326-A80D-C70D605FFC00}.Release|Any CPU.Build.0 = Release|Any CPU
		{F158280E-B0A8-4312-9B83-0DF267136BA7}.Debug|Any CPU.ActiveCfg = Debug|Any CPU
		{F158280E-B0A8-4312-9B83-0DF267136BA7}.Debug|Any CPU.Build.0 = Debug|Any CPU
		{F158280E-B0A8-4312-9B83-0DF267136BA7}.Release|Any CPU.ActiveCfg = Release|Any CPU
		{F158280E-B0A8-4312-9B83-0DF267136BA7}.Release|Any CPU.Build.0 = Release|Any CPU
		{42D454B2-7AF6-4373-926F-CAF900C64AEF}.Debug|Any CPU.ActiveCfg = Debug|Any CPU
		{42D454B2-7AF6-4373-926F-CAF900C64AEF}.Debug|Any CPU.Build.0 = Debug|Any CPU
		{42D454B2-7AF6-4373-926F-CAF900C64AEF}.Release|Any CPU.ActiveCfg = Release|Any CPU
		{42D454B2-7AF6-4373-926F-CAF900C64AEF}.Release|Any CPU.Build.0 = Release|Any CPU
		{F2B24C30-3B4F-4766-BB3D-B8DAF63CE7FF}.Debug|Any CPU.ActiveCfg = Debug|Any CPU
		{F2B24C30-3B4F-4766-BB3D-B8DAF63CE7FF}.Debug|Any CPU.Build.0 = Debug|Any CPU
		{F2B24C30-3B4F-4766-BB3D-B8DAF63CE7FF}.Release|Any CPU.ActiveCfg = Release|Any CPU
		{F2B24C30-3B4F-4766-BB3D-B8DAF63CE7FF}.Release|Any CPU.Build.0 = Release|Any CPU
	EndGlobalSection
	GlobalSection(SolutionProperties) = preSolution
		HideSolutionNode = FALSE
	EndGlobalSection
	GlobalSection(NestedProjects) = preSolution
		{C0738D4A-3CD3-49E4-A40F-18C1A4F9DA1D} = {BA4CB6D2-CEB4-4110-B2CF-410C91B6669F}
		{99DCCCBB-9848-4877-8E82-12B7036BA04C} = {E7349FE4-516E-473E-97A7-A9AEF627BE2D}
		{8234E31A-7423-4D75-9BA6-8281461B19B9} = {80AB52D5-EED1-4CF7-9951-18BC6589851E}
		{C1FDC969-3FFE-48ED-8A7C-C3C29E06F295} = {21047DCA-64CC-4BC4-8552-8AE58285CCB1}
		{0413AF02-49B1-4326-A80D-C70D605FFC00} = {21047DCA-64CC-4BC4-8552-8AE58285CCB1}
		{F158280E-B0A8-4312-9B83-0DF267136BA7} = {21047DCA-64CC-4BC4-8552-8AE58285CCB1}
		{42D454B2-7AF6-4373-926F-CAF900C64AEF} = {21047DCA-64CC-4BC4-8552-8AE58285CCB1}
		{F2B24C30-3B4F-4766-BB3D-B8DAF63CE7FF} = {21047DCA-64CC-4BC4-8552-8AE58285CCB1}
	EndGlobalSection
	GlobalSection(ExtensibilityGlobals) = postSolution
		SolutionGuid = {AD26F89F-7744-4A57-885E-864E7B7BA0F1}
	EndGlobalSection
EndGlobal
